// !$*UTF8*$!
{
	archiveVersion = 1;
	classes = {
	};
	objectVersion = 77;
	objects = {

/* Begin PBXBuildFile section */
		F41E9CC82D5CC91300F331A4 /* SwiftfulUI in Frameworks */ = {isa = PBXBuildFile; productRef = F41E9CC72D5CC91300F331A4 /* SwiftfulUI */; };
		F47B926C2D5A45660080B4EC /* SDWebImageSwiftUI in Frameworks */ = {isa = PBXBuildFile; productRef = F47B926B2D5A45660080B4EC /* SDWebImageSwiftUI */; };
		F4C6D20C2D550E8E00D81F89 /* FirebaseAuth in Frameworks */ = {isa = PBXBuildFile; productRef = F4C6D20B2D550E8E00D81F89 /* FirebaseAuth */; };
		F4C6D20E2D550E8E00D81F89 /* FirebaseAuthCombine-Community in Frameworks */ = {isa = PBXBuildFile; productRef = F4C6D20D2D550E8E00D81F89 /* FirebaseAuthCombine-Community */; };
		F4C6D2102D550E8E00D81F89 /* FirebaseCore in Frameworks */ = {isa = PBXBuildFile; productRef = F4C6D20F2D550E8E00D81F89 /* FirebaseCore */; };
		F4C6D2132D550EB900D81F89 /* GoogleSignIn in Frameworks */ = {isa = PBXBuildFile; productRef = F4C6D2122D550EB900D81F89 /* GoogleSignIn */; };
		F4C6D2152D550EB900D81F89 /* GoogleSignInSwift in Frameworks */ = {isa = PBXBuildFile; productRef = F4C6D2142D550EB900D81F89 /* GoogleSignInSwift */; };
		F4C6D2A92D58F14700D81F89 /* FirebaseFirestore in Frameworks */ = {isa = PBXBuildFile; productRef = F4C6D2A82D58F14700D81F89 /* FirebaseFirestore */; };
/* End PBXBuildFile section */

/* Begin PBXFileReference section */
		F4C6D1EB2D550D8600D81F89 /* CookIt.app */ = {isa = PBXFileReference; explicitFileType = wrapper.application; includeInIndex = 0; path = CookIt.app; sourceTree = BUILT_PRODUCTS_DIR; };
/* End PBXFileReference section */

/* Begin PBXFileSystemSynchronizedBuildFileExceptionSet section */
		F4C6D2A02D58D99100D81F89 /* Exceptions for "CookIt" folder in "CookIt" target */ = {
			isa = PBXFileSystemSynchronizedBuildFileExceptionSet;
			membershipExceptions = (
				Info.plist,
			);
			target = F4C6D1EA2D550D8600D81F89 /* CookIt */;
		};
/* End PBXFileSystemSynchronizedBuildFileExceptionSet section */

/* Begin PBXFileSystemSynchronizedRootGroup section */
		F4C6D1ED2D550D8600D81F89 /* CookIt */ = {
			isa = PBXFileSystemSynchronizedRootGroup;
			exceptions = (
				F4C6D2A02D58D99100D81F89 /* Exceptions for "CookIt" folder in "CookIt" target */,
			);
			path = CookIt;
			sourceTree = "<group>";
		};
/* End PBXFileSystemSynchronizedRootGroup section */

/* Begin PBXFrameworksBuildPhase section */
		F4C6D1E82D550D8600D81F89 /* Frameworks */ = {
			isa = PBXFrameworksBuildPhase;
			buildActionMask = 2147483647;
			files = (
				F4C6D2152D550EB900D81F89 /* GoogleSignInSwift in Frameworks */,
				F4C6D20C2D550E8E00D81F89 /* FirebaseAuth in Frameworks */,
				F4C6D2132D550EB900D81F89 /* GoogleSignIn in Frameworks */,
				F47B926C2D5A45660080B4EC /* SDWebImageSwiftUI in Frameworks */,
				F41E9CC82D5CC91300F331A4 /* SwiftfulUI in Frameworks */,
				F4C6D2102D550E8E00D81F89 /* FirebaseCore in Frameworks */,
				F4C6D20E2D550E8E00D81F89 /* FirebaseAuthCombine-Community in Frameworks */,
				F4C6D2A92D58F14700D81F89 /* FirebaseFirestore in Frameworks */,
			);
			runOnlyForDeploymentPostprocessing = 0;
		};
/* End PBXFrameworksBuildPhase section */

/* Begin PBXGroup section */
		F4C6D1E22D550D8600D81F89 = {
			isa = PBXGroup;
			children = (
				F4C6D1ED2D550D8600D81F89 /* CookIt */,
				F4C6D2A72D58F14700D81F89 /* Frameworks */,
				F4C6D1EC2D550D8600D81F89 /* Products */,
			);
			sourceTree = "<group>";
		};
		F4C6D1EC2D550D8600D81F89 /* Products */ = {
			isa = PBXGroup;
			children = (
				F4C6D1EB2D550D8600D81F89 /* CookIt.app */,
			);
			name = Products;
			sourceTree = "<group>";
		};
		F4C6D2A72D58F14700D81F89 /* Frameworks */ = {
			isa = PBXGroup;
			children = (
			);
			name = Frameworks;
			sourceTree = "<group>";
		};
/* End PBXGroup section */

/* Begin PBXNativeTarget section */
		F4C6D1EA2D550D8600D81F89 /* CookIt */ = {
			isa = PBXNativeTarget;
			buildConfigurationList = F4C6D1F92D550D8800D81F89 /* Build configuration list for PBXNativeTarget "CookIt" */;
			buildPhases = (
				F4C6D1E72D550D8600D81F89 /* Sources */,
				F4C6D1E82D550D8600D81F89 /* Frameworks */,
				F4C6D1E92D550D8600D81F89 /* Resources */,
			);
			buildRules = (
			);
			dependencies = (
			);
			fileSystemSynchronizedGroups = (
				F4C6D1ED2D550D8600D81F89 /* CookIt */,
			);
			name = CookIt;
			packageProductDependencies = (
				F4C6D20B2D550E8E00D81F89 /* FirebaseAuth */,
				F4C6D20D2D550E8E00D81F89 /* FirebaseAuthCombine-Community */,
				F4C6D20F2D550E8E00D81F89 /* FirebaseCore */,
				F4C6D2122D550EB900D81F89 /* GoogleSignIn */,
				F4C6D2142D550EB900D81F89 /* GoogleSignInSwift */,
				F4C6D2A82D58F14700D81F89 /* FirebaseFirestore */,
				F47B926B2D5A45660080B4EC /* SDWebImageSwiftUI */,
				F41E9CC72D5CC91300F331A4 /* SwiftfulUI */,
			);
			productName = CookIt;
			productReference = F4C6D1EB2D550D8600D81F89 /* CookIt.app */;
			productType = "com.apple.product-type.application";
		};
/* End PBXNativeTarget section */

/* Begin PBXProject section */
		F4C6D1E32D550D8600D81F89 /* Project object */ = {
			isa = PBXProject;
			attributes = {
				BuildIndependentTargetsInParallel = 1;
				LastSwiftUpdateCheck = 1620;
				LastUpgradeCheck = 1620;
				TargetAttributes = {
					F4C6D1EA2D550D8600D81F89 = {
						CreatedOnToolsVersion = 16.2;
					};
				};
			};
			buildConfigurationList = F4C6D1E62D550D8600D81F89 /* Build configuration list for PBXProject "CookIt" */;
			developmentRegion = en;
			hasScannedForEncodings = 0;
			knownRegions = (
				en,
				Base,
			);
			mainGroup = F4C6D1E22D550D8600D81F89;
			minimizedProjectReferenceProxies = 1;
			packageReferences = (
				F4C6D20A2D550E8E00D81F89 /* XCRemoteSwiftPackageReference "firebase-ios-sdk" */,
				F4C6D2112D550EB900D81F89 /* XCRemoteSwiftPackageReference "GoogleSignIn-iOS" */,
				F47B926A2D5A45660080B4EC /* XCRemoteSwiftPackageReference "SDWebImageSwiftUI" */,
				F41E9CC62D5CC91300F331A4 /* XCRemoteSwiftPackageReference "SwiftfulUI" */,
			);
			preferredProjectObjectVersion = 77;
			productRefGroup = F4C6D1EC2D550D8600D81F89 /* Products */;
			projectDirPath = "";
			projectRoot = "";
			targets = (
				F4C6D1EA2D550D8600D81F89 /* CookIt */,
			);
		};
/* End PBXProject section */

/* Begin PBXResourcesBuildPhase section */
		F4C6D1E92D550D8600D81F89 /* Resources */ = {
			isa = PBXResourcesBuildPhase;
			buildActionMask = 2147483647;
			files = (
			);
			runOnlyForDeploymentPostprocessing = 0;
		};
/* End PBXResourcesBuildPhase section */

/* Begin PBXSourcesBuildPhase section */
		F4C6D1E72D550D8600D81F89 /* Sources */ = {
			isa = PBXSourcesBuildPhase;
			buildActionMask = 2147483647;
			files = (
			);
			runOnlyForDeploymentPostprocessing = 0;
		};
/* End PBXSourcesBuildPhase section */

/* Begin XCBuildConfiguration section */
		F4C6D1F72D550D8800D81F89 /* Debug */ = {
			isa = XCBuildConfiguration;
			buildSettings = {
				ALWAYS_SEARCH_USER_PATHS = NO;
				ASSETCATALOG_COMPILER_GENERATE_SWIFT_ASSET_SYMBOL_EXTENSIONS = YES;
				CLANG_ANALYZER_NONNULL = YES;
				CLANG_ANALYZER_NUMBER_OBJECT_CONVERSION = YES_AGGRESSIVE;
				CLANG_CXX_LANGUAGE_STANDARD = "gnu++20";
				CLANG_ENABLE_MODULES = YES;
				CLANG_ENABLE_OBJC_ARC = YES;
				CLANG_ENABLE_OBJC_WEAK = YES;
				CLANG_WARN_BLOCK_CAPTURE_AUTORELEASING = YES;
				CLANG_WARN_BOOL_CONVERSION = YES;
				CLANG_WARN_COMMA = YES;
				CLANG_WARN_CONSTANT_CONVERSION = YES;
				CLANG_WARN_DEPRECATED_OBJC_IMPLEMENTATIONS = YES;
				CLANG_WARN_DIRECT_OBJC_ISA_USAGE = YES_ERROR;
				CLANG_WARN_DOCUMENTATION_COMMENTS = YES;
				CLANG_WARN_EMPTY_BODY = YES;
				CLANG_WARN_ENUM_CONVERSION = YES;
				CLANG_WARN_INFINITE_RECURSION = YES;
				CLANG_WARN_INT_CONVERSION = YES;
				CLANG_WARN_NON_LITERAL_NULL_CONVERSION = YES;
				CLANG_WARN_OBJC_IMPLICIT_RETAIN_SELF = YES;
				CLANG_WARN_OBJC_LITERAL_CONVERSION = YES;
				CLANG_WARN_OBJC_ROOT_CLASS = YES_ERROR;
				CLANG_WARN_QUOTED_INCLUDE_IN_FRAMEWORK_HEADER = YES;
				CLANG_WARN_RANGE_LOOP_ANALYSIS = YES;
				CLANG_WARN_STRICT_PROTOTYPES = YES;
				CLANG_WARN_SUSPICIOUS_MOVE = YES;
				CLANG_WARN_UNGUARDED_AVAILABILITY = YES_AGGRESSIVE;
				CLANG_WARN_UNREACHABLE_CODE = YES;
				CLANG_WARN__DUPLICATE_METHOD_MATCH = YES;
				COPY_PHASE_STRIP = NO;
				DEBUG_INFORMATION_FORMAT = dwarf;
				ENABLE_STRICT_OBJC_MSGSEND = YES;
				ENABLE_TESTABILITY = YES;
				ENABLE_USER_SCRIPT_SANDBOXING = YES;
				GCC_C_LANGUAGE_STANDARD = gnu17;
				GCC_DYNAMIC_NO_PIC = NO;
				GCC_NO_COMMON_BLOCKS = YES;
				GCC_OPTIMIZATION_LEVEL = 0;
				GCC_PREPROCESSOR_DEFINITIONS = (
					"DEBUG=1",
					"$(inherited)",
				);
				GCC_WARN_64_TO_32_BIT_CONVERSION = YES;
				GCC_WARN_ABOUT_RETURN_TYPE = YES_ERROR;
				GCC_WARN_UNDECLARED_SELECTOR = YES;
				GCC_WARN_UNINITIALIZED_AUTOS = YES_AGGRESSIVE;
				GCC_WARN_UNUSED_FUNCTION = YES;
				GCC_WARN_UNUSED_VARIABLE = YES;
				IPHONEOS_DEPLOYMENT_TARGET = 18.2;
				LOCALIZATION_PREFERS_STRING_CATALOGS = YES;
				MTL_ENABLE_DEBUG_INFO = INCLUDE_SOURCE;
				MTL_FAST_MATH = YES;
				ONLY_ACTIVE_ARCH = YES;
				SDKROOT = iphoneos;
				SWIFT_ACTIVE_COMPILATION_CONDITIONS = "DEBUG $(inherited)";
				SWIFT_OPTIMIZATION_LEVEL = "-Onone";
			};
			name = Debug;
		};
		F4C6D1F82D550D8800D81F89 /* Release */ = {
			isa = XCBuildConfiguration;
			buildSettings = {
				ALWAYS_SEARCH_USER_PATHS = NO;
				ASSETCATALOG_COMPILER_GENERATE_SWIFT_ASSET_SYMBOL_EXTENSIONS = YES;
				CLANG_ANALYZER_NONNULL = YES;
				CLANG_ANALYZER_NUMBER_OBJECT_CONVERSION = YES_AGGRESSIVE;
				CLANG_CXX_LANGUAGE_STANDARD = "gnu++20";
				CLANG_ENABLE_MODULES = YES;
				CLANG_ENABLE_OBJC_ARC = YES;
				CLANG_ENABLE_OBJC_WEAK = YES;
				CLANG_WARN_BLOCK_CAPTURE_AUTORELEASING = YES;
				CLANG_WARN_BOOL_CONVERSION = YES;
				CLANG_WARN_COMMA = YES;
				CLANG_WARN_CONSTANT_CONVERSION = YES;
				CLANG_WARN_DEPRECATED_OBJC_IMPLEMENTATIONS = YES;
				CLANG_WARN_DIRECT_OBJC_ISA_USAGE = YES_ERROR;
				CLANG_WARN_DOCUMENTATION_COMMENTS = YES;
				CLANG_WARN_EMPTY_BODY = YES;
				CLANG_WARN_ENUM_CONVERSION = YES;
				CLANG_WARN_INFINITE_RECURSION = YES;
				CLANG_WARN_INT_CONVERSION = YES;
				CLANG_WARN_NON_LITERAL_NULL_CONVERSION = YES;
				CLANG_WARN_OBJC_IMPLICIT_RETAIN_SELF = YES;
				CLANG_WARN_OBJC_LITERAL_CONVERSION = YES;
				CLANG_WARN_OBJC_ROOT_CLASS = YES_ERROR;
				CLANG_WARN_QUOTED_INCLUDE_IN_FRAMEWORK_HEADER = YES;
				CLANG_WARN_RANGE_LOOP_ANALYSIS = YES;
				CLANG_WARN_STRICT_PROTOTYPES = YES;
				CLANG_WARN_SUSPICIOUS_MOVE = YES;
				CLANG_WARN_UNGUARDED_AVAILABILITY = YES_AGGRESSIVE;
				CLANG_WARN_UNREACHABLE_CODE = YES;
				CLANG_WARN__DUPLICATE_METHOD_MATCH = YES;
				COPY_PHASE_STRIP = NO;
				DEBUG_INFORMATION_FORMAT = "dwarf-with-dsym";
				ENABLE_NS_ASSERTIONS = NO;
				ENABLE_STRICT_OBJC_MSGSEND = YES;
				ENABLE_USER_SCRIPT_SANDBOXING = YES;
				GCC_C_LANGUAGE_STANDARD = gnu17;
				GCC_NO_COMMON_BLOCKS = YES;
				GCC_WARN_64_TO_32_BIT_CONVERSION = YES;
				GCC_WARN_ABOUT_RETURN_TYPE = YES_ERROR;
				GCC_WARN_UNDECLARED_SELECTOR = YES;
				GCC_WARN_UNINITIALIZED_AUTOS = YES_AGGRESSIVE;
				GCC_WARN_UNUSED_FUNCTION = YES;
				GCC_WARN_UNUSED_VARIABLE = YES;
				IPHONEOS_DEPLOYMENT_TARGET = 18.2;
				LOCALIZATION_PREFERS_STRING_CATALOGS = YES;
				MTL_ENABLE_DEBUG_INFO = NO;
				MTL_FAST_MATH = YES;
				SDKROOT = iphoneos;
				SWIFT_COMPILATION_MODE = wholemodule;
				VALIDATE_PRODUCT = YES;
			};
			name = Release;
		};
		F4C6D1FA2D550D8800D81F89 /* Debug */ = {
			isa = XCBuildConfiguration;
			buildSettings = {
				ASSETCATALOG_COMPILER_APPICON_NAME = AppIcon;
				ASSETCATALOG_COMPILER_GLOBAL_ACCENT_COLOR_NAME = AccentColor;
				CODE_SIGN_STYLE = Automatic;
				CURRENT_PROJECT_VERSION = 1;
				DEVELOPMENT_ASSET_PATHS = "\"CookIt/Preview Content\"";
				DEVELOPMENT_TEAM = 3Z5R6WRVTZ;
				ENABLE_PREVIEWS = YES;
				GENERATE_INFOPLIST_FILE = YES;
				INFOPLIST_FILE = CookIt/Info.plist;
				INFOPLIST_KEY_UIApplicationSceneManifest_Generation = YES;
				INFOPLIST_KEY_UIApplicationSupportsIndirectInputEvents = YES;
				INFOPLIST_KEY_UILaunchScreen_Generation = YES;
				INFOPLIST_KEY_UISupportedInterfaceOrientations_iPad = "UIInterfaceOrientationPortrait UIInterfaceOrientationPortraitUpsideDown UIInterfaceOrientationLandscapeLeft UIInterfaceOrientationLandscapeRight";
				INFOPLIST_KEY_UISupportedInterfaceOrientations_iPhone = "UIInterfaceOrientationPortrait UIInterfaceOrientationLandscapeLeft UIInterfaceOrientationLandscapeRight";
				LD_RUNPATH_SEARCH_PATHS = (
					"$(inherited)",
					"@executable_path/Frameworks",
				);
				MARKETING_VERSION = 1.0;
				PRODUCT_BUNDLE_IDENTIFIER = com.evilicebergs.CookIt;
				PRODUCT_NAME = "$(TARGET_NAME)";
				SWIFT_EMIT_LOC_STRINGS = YES;
				SWIFT_VERSION = 5.0;
				TARGETED_DEVICE_FAMILY = "1,2";
			};
			name = Debug;
		};
		F4C6D1FB2D550D8800D81F89 /* Release */ = {
			isa = XCBuildConfiguration;
			buildSettings = {
				ASSETCATALOG_COMPILER_APPICON_NAME = AppIcon;
				ASSETCATALOG_COMPILER_GLOBAL_ACCENT_COLOR_NAME = AccentColor;
				CODE_SIGN_STYLE = Automatic;
				CURRENT_PROJECT_VERSION = 1;
				DEVELOPMENT_ASSET_PATHS = "\"CookIt/Preview Content\"";
				DEVELOPMENT_TEAM = 3Z5R6WRVTZ;
				ENABLE_PREVIEWS = YES;
				GENERATE_INFOPLIST_FILE = YES;
				INFOPLIST_FILE = CookIt/Info.plist;
				INFOPLIST_KEY_UIApplicationSceneManifest_Generation = YES;
				INFOPLIST_KEY_UIApplicationSupportsIndirectInputEvents = YES;
				INFOPLIST_KEY_UILaunchScreen_Generation = YES;
				INFOPLIST_KEY_UISupportedInterfaceOrientations_iPad = "UIInterfaceOrientationPortrait UIInterfaceOrientationPortraitUpsideDown UIInterfaceOrientationLandscapeLeft UIInterfaceOrientationLandscapeRight";
				INFOPLIST_KEY_UISupportedInterfaceOrientations_iPhone = "UIInterfaceOrientationPortrait UIInterfaceOrientationLandscapeLeft UIInterfaceOrientationLandscapeRight";
				LD_RUNPATH_SEARCH_PATHS = (
					"$(inherited)",
					"@executable_path/Frameworks",
				);
				MARKETING_VERSION = 1.0;
				PRODUCT_BUNDLE_IDENTIFIER = com.evilicebergs.CookIt;
				PRODUCT_NAME = "$(TARGET_NAME)";
				SWIFT_EMIT_LOC_STRINGS = YES;
				SWIFT_VERSION = 5.0;
				TARGETED_DEVICE_FAMILY = "1,2";
			};
			name = Release;
		};
/* End XCBuildConfiguration section */

/* Begin XCConfigurationList section */
		F4C6D1E62D550D8600D81F89 /* Build configuration list for PBXProject "CookIt" */ = {
			isa = XCConfigurationList;
			buildConfigurations = (
				F4C6D1F72D550D8800D81F89 /* Debug */,
				F4C6D1F82D550D8800D81F89 /* Release */,
			);
			defaultConfigurationIsVisible = 0;
			defaultConfigurationName = Release;
		};
		F4C6D1F92D550D8800D81F89 /* Build configuration list for PBXNativeTarget "CookIt" */ = {
			isa = XCConfigurationList;
			buildConfigurations = (
				F4C6D1FA2D550D8800D81F89 /* Debug */,
				F4C6D1FB2D550D8800D81F89 /* Release */,
			);
			defaultConfigurationIsVisible = 0;
			defaultConfigurationName = Release;
		};
/* End XCConfigurationList section */

/* Begin XCRemoteSwiftPackageReference section */
		F41E9CC62D5CC91300F331A4 /* XCRemoteSwiftPackageReference "SwiftfulUI" */ = {
			isa = XCRemoteSwiftPackageReference;
			repositoryURL = "https://github.com/SwiftfulThinking/SwiftfulUI";
			requirement = {
				kind = upToNextMajorVersion;
				minimumVersion = 1.2.0;
			};
		};
		F47B926A2D5A45660080B4EC /* XCRemoteSwiftPackageReference "SDWebImageSwiftUI" */ = {
			isa = XCRemoteSwiftPackageReference;
			repositoryURL = "https://github.com/SDWebImage/SDWebImageSwiftUI";
			requirement = {
				kind = upToNextMajorVersion;
				minimumVersion = 3.1.3;
			};
		};
		F4C6D20A2D550E8E00D81F89 /* XCRemoteSwiftPackageReference "firebase-ios-sdk" */ = {
			isa = XCRemoteSwiftPackageReference;
			repositoryURL = "https://github.com/firebase/firebase-ios-sdk";
			requirement = {
				kind = upToNextMajorVersion;
				minimumVersion = 11.8.1;
			};
		};
		F4C6D2112D550EB900D81F89 /* XCRemoteSwiftPackageReference "GoogleSignIn-iOS" */ = {
			isa = XCRemoteSwiftPackageReference;
			repositoryURL = "https://github.com/google/GoogleSignIn-iOS";
			requirement = {
				kind = upToNextMajorVersion;
				minimumVersion = 8.0.0;
			};
		};
/* End XCRemoteSwiftPackageReference section */

/* Begin XCSwiftPackageProductDependency section */
		F41E9CC72D5CC91300F331A4 /* SwiftfulUI */ = {
			isa = XCSwiftPackageProductDependency;
			package = F41E9CC62D5CC91300F331A4 /* XCRemoteSwiftPackageReference "SwiftfulUI" */;
			productName = SwiftfulUI;
		};
		F47B926B2D5A45660080B4EC /* SDWebImageSwiftUI */ = {
			isa = XCSwiftPackageProductDependency;
			package = F47B926A2D5A45660080B4EC /* XCRemoteSwiftPackageReference "SDWebImageSwiftUI" */;
			productName = SDWebImageSwiftUI;
		};
		F4C6D20B2D550E8E00D81F89 /* FirebaseAuth */ = {
			isa = XCSwiftPackageProductDependency;
			package = F4C6D20A2D550E8E00D81F89 /* XCRemoteSwiftPackageReference "firebase-ios-sdk" */;
			productName = FirebaseAuth;
		};
		F4C6D20D2D550E8E00D81F89 /* FirebaseAuthCombine-Community */ = {
			isa = XCSwiftPackageProductDependency;
			package = F4C6D20A2D550E8E00D81F89 /* XCRemoteSwiftPackageReference "firebase-ios-sdk" */;
			productName = "FirebaseAuthCombine-Community";
		};
		F4C6D20F2D550E8E00D81F89 /* FirebaseCore */ = {
			isa = XCSwiftPackageProductDependency;
			package = F4C6D20A2D550E8E00D81F89 /* XCRemoteSwiftPackageReference "firebase-ios-sdk" */;
			productName = FirebaseCore;
		};
		F4C6D2122D550EB900D81F89 /* GoogleSignIn */ = {
			isa = XCSwiftPackageProductDependency;
			package = F4C6D2112D550EB900D81F89 /* XCRemoteSwiftPackageReference "GoogleSignIn-iOS" */;
			productName = GoogleSignIn;
		};
		F4C6D2142D550EB900D81F89 /* GoogleSignInSwift */ = {
			isa = XCSwiftPackageProductDependency;
			package = F4C6D2112D550EB900D81F89 /* XCRemoteSwiftPackageReference "GoogleSignIn-iOS" */;
			productName = GoogleSignInSwift;
		};
		F4C6D2A82D58F14700D81F89 /* FirebaseFirestore */ = {
			isa = XCSwiftPackageProductDependency;
			package = F4C6D20A2D550E8E00D81F89 /* XCRemoteSwiftPackageReference "firebase-ios-sdk" */;
			productName = FirebaseFirestore;
		};
/* End XCSwiftPackageProductDependency section */
	};
	rootObject = F4C6D1E32D550D8600D81F89 /* Project object */;
}
